{
    "_meta": {
        "hash": {
            "sha256": "4f828cedf4c472b72b321fa03757ba656d69b3a09f97815eb44f37671f6ec10d"
        },
        "pipfile-spec": 6,
        "requires": {
            "python_version": "3.10"
        },
        "sources": [
            {
                "name": "pypi",
                "url": "https://pypi.org/simple",
                "verify_ssl": true
            }
        ]
    },
    "default": {
        "dnspython": {
            "hashes": [
                "sha256:0f7569a4a6ff151958b64304071d370daa3243d15941a7beedf0c9fe5105603e",
                "sha256:a851e51367fb93e9e1361732c1d60dab63eff98712e503ea7d92e6eccb109b4f"
            ],
            "markers": "python_version >= '3.6' and python_version < '4.0'",
            "version": "==2.2.1"
        },
        "envelope": {
            "hashes": [
                "sha256:125f1a044aae251666444a9445de9671c1eb3a7f7b45e86418b213195f3faaca"
            ],
            "index": "pypi",
            "version": "==2.0.0"
        },
        "filelock": {
            "hashes": [
                "sha256:55447caa666f2198c5b6b13a26d2084d26fa5b115c00d065664b2124680c4edc",
                "sha256:617eb4e5eedc82fc5f47b6d61e4d11cb837c56cb4544e39081099fa17ad109d4"
            ],
            "markers": "python_version >= '3.7'",
            "version": "==3.8.0"
        },
        "idna": {
            "hashes": [
                "sha256:814f528e8dead7d329833b91c5faa87d60bf71824cd12a7530b5526063d02cb4",
                "sha256:90b77e79eaa3eba6de819a0c442c0b4ceefc341a7a2ab77d7562bf49f425c5c2"
            ],
            "markers": "python_version >= '3.5'",
            "version": "==3.4"
        },
        "jsonpickle": {
            "hashes": [
                "sha256:7b272918b0554182e53dc340ddd62d9b7f902fec7e7b05620c04f3ccef479a0e",
                "sha256:de7f2613818aa4f234138ca11243d6359ff83ae528b2185efdd474f62bcf9ae1"
            ],
            "markers": "python_version >= '2.7'",
            "version": "==2.2.0"
        },
        "loguru": {
            "hashes": [
                "sha256:066bd06758d0a513e9836fd9c6b5a75bfb3fd36841f4b996bc60b547a309d41c",
                "sha256:4e2414d534a2ab57573365b3e6d0234dfb1d84b68b7f3b948e6fb743860a77c3"
            ],
            "index": "pypi",
            "version": "==0.6.0"
        },
        "py3-validate-email": {
            "hashes": [
                "sha256:e23d00adea76946daa451cba6f7d5fa4f8d10ce33e197feccc1131487b03860c"
            ],
            "version": "==1.0.7"
        },
        "pyside6": {
            "hashes": [
                "sha256:4d47a1bac761f480fa06d93d0d9a72603eb6625f1e503288125caaff716e9e97",
                "sha256:ac0dbe5b713402046e8c2c4474d4e1e001b75665628eef7f31d4fb0e966d5bbd",
                "sha256:e5730a80bc1ad61b05666e15e1db6d2554653c6651195c591bcbe73a84cae69d"
            ],
            "index": "pypi",
            "version": "==6.3.2"
        },
        "pyside6-addons": {
            "hashes": [
                "sha256:13c2859c04d04430089db92831dc4cd45cfaf545b539ca34d38ad42b268a8c2f",
                "sha256:38af635b726dab72aa829cc64bdccc56f9f0353d1b79d51ed945a2570d0ae2e4",
                "sha256:6bfdb6877ab3a500a5fdc0ca2a14286cc171a02ed69a069c1a2e4663212f65bb"
            ],
            "markers": "python_version < '3.11' and python_version >= '3.6'",
            "version": "==6.3.2"
        },
        "pyside6-essentials": {
            "hashes": [
                "sha256:67187a9d0f2659c2a4c8c622f3ea82ded737b16d0b7e096a26b2e418f92c5b65",
                "sha256:944648e2bb9e423bd52d695aaaf7ea91d6f4663a71bca3a56fa10f5e7eb720c0",
                "sha256:a5d6528a0e7bcf4c7b892210f5ee34fdf2cb95ecddfafa1eb77509d924bcbbf1"
            ],
            "markers": "python_version < '3.11' and python_version >= '3.6'",
            "version": "==6.3.2"
        },
        "python-gnupg": {
            "hashes": [
                "sha256:345723a03e67b82aba0ea8ae2328b2e4a3906fbe2c18c4082285c3b01068f270",
                "sha256:70758e387fc0e0c4badbcb394f61acbe68b34970a8fed7e0f7c89469fe17912a"
            ],
            "version": "==0.5.0"
        },
        "python-magic": {
            "hashes": [
                "sha256:c1ba14b08e4a5f5c31a302b7721239695b2f0f058d125bd5ce1ee36b9d9d3c3b",
                "sha256:c212960ad306f700aa0d01e5d7a325d20548ff97eb9920dcd29513174f0294d3"
            ],
            "markers": "python_version >= '2.7' and python_version not in '3.0, 3.1, 3.2, 3.3, 3.4'",
            "version": "==0.4.27"
        },
        "shiboken6": {
            "hashes": [
                "sha256:4d14b7027885b4ded742d917b4c10d49c314572a5d1bcd33d8445cc6ffe7c183",
                "sha256:b616f4f82ebac5080bc47b2c3f832f2b56dd3ad17e0ba71f985cee48a17ea8c7",
                "sha256:e242361886679cde47c4cb367f2e3124274201ca8bf01049235861d032666320"
            ],
            "markers": "python_version < '3.11' and python_version >= '3.6'",
            "version": "==6.3.2"
        }
    },
    "develop": {}
}
